PODS:
  - AsyncDisplayKit (1.9.81):
    - AsyncDisplayKit/PINRemoteImage (= 1.9.81)
  - AsyncDisplayKit/ASDealloc2MainObject (1.9.81)
  - AsyncDisplayKit/Core (1.9.81):
    - AsyncDisplayKit/ASDealloc2MainObject
  - AsyncDisplayKit/PINRemoteImage (1.9.81):
    - AsyncDisplayKit/Core
    - PINRemoteImage/iOS (>= 3.0.0-beta.2)
  - FBSnapshotTestCase (2.1.2):
    - FBSnapshotTestCase/SwiftSupport (= 2.1.2)
  - FBSnapshotTestCase/Core (2.1.2)
  - FBSnapshotTestCase/SwiftSupport (2.1.2):
    - FBSnapshotTestCase/Core
  - PINCache (2.3)
  - PINRemoteImage/Core (3.0.0-beta.2):
    - PINCache (>= 2.1)
  - PINRemoteImage/iOS (3.0.0-beta.2):
    - PINRemoteImage/Core

DEPENDENCIES:
  - AsyncDisplayKit
  - FBSnapshotTestCase

SPEC CHECKSUMS:
  AsyncDisplayKit: 011ea22a76a79a5bbfc14501fede6e0196a3c2f0
  FBSnapshotTestCase: 918c55861356ee83aee7843d759f55a18ff6982b
  PINCache: ce36ed282031b92fc7733ffe831f474ff80fddc2
  PINRemoteImage: 197554c5ba57a6ae90f5db441651180039fc9062

PODFILE CHECKSUM: 6aaa5b5aa6a5413f0b2b023e57a92572233d9719

COCOAPODS: 1.0.1
